
Microsoft Visual Studio Solution File, Format Version 12.00
# Visual Studio Version 16
VisualStudioVersion = 16.0.29102.190
MinimumVisualStudioVersion = 10.0.40219.1
Project("{8BC9CEB8-8B4A-11D0-8D11-00A0C91BC942}") = "TipoSnake", "TipoSnake\TipoSnake.vcxproj", "{77C67849-BFA8-47C7-BD13-BB5902C20AE8}"
EndProject
Global
	GlobalSection(SolutionConfigurationPlatforms) = preSolution
		Debug|x64 = Debug|x64
		Debug|x86 = Debug|x86
		Release|x64 = Release|x64
		Release|x86 = Release|x86
	EndGlobalSection
	GlobalSection(ProjectConfigurationPlatforms) = postSolution
		{77C67849-BFA8-47C7-BD13-BB5902C20AE8}.Debug|x64.ActiveCfg = Debug|x64
		{77C67849-BFA8-47C7-BD13-BB5902C20AE8}.Debug|x64.Build.0 = Debug|x64
		{77C67849-BFA8-47C7-BD13-BB5902C20AE8}.Debug|x86.ActiveCfg = Debug|Win32
		{77C67849-BFA8-47C7-BD13-BB5902C20AE8}.Debug|x86.Build.0 = Debug|Win32
		{77C67849-BFA8-47C7-BD13-BB5902C20AE8}.Release|x64.ActiveCfg = Release|x64
		{77C67849-BFA8-47C7-BD13-BB5902C20AE8}.Release|x64.Build.0 = Release|x64
		{77C67849-BFA8-47C7-BD13-BB5902C20AE8}.Release|x86.ActiveCfg = Release|Win32
		{77C67849-BFA8-47C7-BD13-BB5902C20AE8}.Release|x86.Build.0 = Release|Win32
	EndGlobalSection
	GlobalSection(SolutionProperties) = preSolution
		HideSolutionNode = FALSE
	EndGlobalSection
	GlobalSection(ExtensibilityGlobals) = postSolution
		SolutionGuid = {85472BEF-F47B-4B1D-BE0B-E6552A5D49FD}
	EndGlobalSection
EndGlobal
